<?xml version="1.0" encoding="utf-8"?>
<Project ToolsVersion="4.0" xmlns="http://schemas.microsoft.com/developer/msbuild/2003">
  <ItemGroup>
    <Filter Include="Shaders">
      <UniqueIdentifier>{b57b015c-5039-4cd5-81e0-880a832d1252}</UniqueIdentifier>
    </Filter>
    <Filter Include="Common">
      <UniqueIdentifier>{424fb351-f2ac-40d0-b81a-94253bd0b1c1}</UniqueIdentifier>
    </Filter>
    <Filter Include="Render">
      <UniqueIdentifier>{5d33a32c-f617-454e-8d76-de36fc964d3c}</UniqueIdentifier>
    </Filter>
    <Filter Include="Render\Model">
      <UniqueIdentifier>{473c3d49-e164-4a37-83f5-3a9be0cb01d0}</UniqueIdentifier>
    </Filter>
    <Filter Include="Common\Manager">
      <UniqueIdentifier>{14d64edc-5112-42ca-8559-651ac4b900ae}</UniqueIdentifier>
    </Filter>
    <Filter Include="Common\Factory">
      <UniqueIdentifier>{3dd3164d-10e7-4b00-a13f-5314e22e80e8}</UniqueIdentifier>
    </Filter>
    <Filter Include="IoC">
      <UniqueIdentifier>{78d42ab5-024f-4e48-9439-ed21c6c3689f}</UniqueIdentifier>
    </Filter>
    <Filter Include="Render\Light">
      <UniqueIdentifier>{1db82d46-63be-4b7c-a6cf-63b139ed3ac0}</UniqueIdentifier>
    </Filter>
    <Filter Include="OpenGL">
      <UniqueIdentifier>{8eadb393-f16e-4df7-acf3-ae7c815d8f42}</UniqueIdentifier>
    </Filter>
    <Filter Include="System">
      <UniqueIdentifier>{2fd2cbc9-2135-49d8-af2d-0b1409269d4f}</UniqueIdentifier>
    </Filter>
    <Filter Include="Render\Model\Static">
      <UniqueIdentifier>{7e4a8318-8d65-408c-8f67-f214ce311027}</UniqueIdentifier>
    </Filter>
    <Filter Include="OpenGL\BufferObject">
      <UniqueIdentifier>{57d2f2fc-5f77-4ea9-9cd0-912147a505e5}</UniqueIdentifier>
    </Filter>
    <Filter Include="OpenGL\BufferObject\Base">
      <UniqueIdentifier>{96a09dc7-b62a-4e18-b517-5a66c008971c}</UniqueIdentifier>
    </Filter>
    <Filter Include="OpenGL\Shader">
      <UniqueIdentifier>{b69e759f-45ad-4c1e-8d3e-9ec50511a03d}</UniqueIdentifier>
    </Filter>
    <Filter Include="OpenGL\Texture">
      <UniqueIdentifier>{cba7f566-6d10-4fdd-9d8c-f8aded528273}</UniqueIdentifier>
    </Filter>
    <Filter Include="Common\SceneBuilder">
      <UniqueIdentifier>{849ede96-bab7-4956-8490-8da13997746f}</UniqueIdentifier>
    </Filter>
    <Filter Include="Helpers">
      <UniqueIdentifier>{0abadce6-1cc2-44c7-b00e-fc40c8361042}</UniqueIdentifier>
    </Filter>
    <Filter Include="Render\Sky">
      <UniqueIdentifier>{13b35d97-11a4-4efd-9064-15908a7a63df}</UniqueIdentifier>
    </Filter>
  </ItemGroup>
  <ItemGroup>
    <ClCompile Include="Program.cpp">
      <Filter>OpenGL\Shader</Filter>
    </ClCompile>
    <ClCompile Include="Shader.cpp">
      <Filter>OpenGL\Shader</Filter>
    </ClCompile>
    <ClCompile Include="ShaderLoader.cpp">
      <Filter>OpenGL\Shader</Filter>
    </ClCompile>
    <ClCompile Include="Application.cpp">
      <Filter>Common</Filter>
    </ClCompile>
    <ClCompile Include="ApplicationController.cpp">
      <Filter>Common</Filter>
    </ClCompile>
    <ClCompile Include="Scene.cpp">
      <Filter>Render</Filter>
    </ClCompile>
    <ClCompile Include="Source.cpp" />
    <ClCompile Include="Object.cpp">
      <Filter>Render</Filter>
    </ClCompile>
    <ClCompile Include="Transform.cpp">
      <Filter>Common</Filter>
    </ClCompile>
    <ClCompile Include="VAO.cpp">
      <Filter>OpenGL\BufferObject</Filter>
    </ClCompile>
    <ClCompile Include="VBO.cpp">
      <Filter>OpenGL\BufferObject</Filter>
    </ClCompile>
    <ClCompile Include="EBO.cpp">
      <Filter>OpenGL\BufferObject</Filter>
    </ClCompile>
    <ClCompile Include="BufferBase.cpp">
      <Filter>OpenGL\BufferObject\Base</Filter>
    </ClCompile>
    <ClCompile Include="ArrayBase.cpp">
      <Filter>OpenGL\BufferObject\Base</Filter>
    </ClCompile>
    <ClCompile Include="Camera.cpp">
      <Filter>Common</Filter>
    </ClCompile>
    <ClCompile Include="DependencyResolver.cpp">
      <Filter>IoC</Filter>
    </ClCompile>
    <ClCompile Include="PointLight.cpp">
      <Filter>Render\Light</Filter>
    </ClCompile>
    <ClCompile Include="FourSpheresSceneBuilder.cpp">
      <Filter>Common\SceneBuilder</Filter>
    </ClCompile>
    <ClCompile Include="SceneBuilder.cpp">
      <Filter>Common\SceneBuilder</Filter>
    </ClCompile>
    <ClCompile Include="ColorUtils.cpp">
      <Filter>Helpers</Filter>
    </ClCompile>
    <ClCompile Include="Updatable.cpp">
      <Filter>Render</Filter>
    </ClCompile>
    <ClCompile Include="Sphere.cpp">
      <Filter>Render\Model\Static</Filter>
    </ClCompile>
    <ClCompile Include="Square.cpp">
      <Filter>Render\Model\Static</Filter>
    </ClCompile>
    <ClCompile Include="SuziFlat.cpp">
      <Filter>Render\Model\Static</Filter>
    </ClCompile>
    <ClCompile Include="SuziSmooth.cpp">
      <Filter>Render\Model\Static</Filter>
    </ClCompile>
    <ClCompile Include="Triangle.cpp">
      <Filter>Render\Model\Static</Filter>
    </ClCompile>
    <ClCompile Include="Mesh.cpp">
      <Filter>Render\Model</Filter>
    </ClCompile>
    <ClCompile Include="Model.cpp">
      <Filter>Render\Model</Filter>
    </ClCompile>
    <ClCompile Include="StaticModelBase.cpp">
      <Filter>Render\Model\Static</Filter>
    </ClCompile>
    <ClCompile Include="Logger.cpp">
      <Filter>System</Filter>
    </ClCompile>
    <ClCompile Include="StaticModelFactory.cpp">
      <Filter>Common\Factory</Filter>
    </ClCompile>
    <ClCompile Include="ModelFactory.cpp">
      <Filter>Common\Factory</Filter>
    </ClCompile>
    <ClCompile Include="TestSceneBuilder.cpp">
      <Filter>Common\SceneBuilder</Filter>
    </ClCompile>
    <ClCompile Include="TextureLoader.cpp">
      <Filter>OpenGL\Texture</Filter>
    </ClCompile>
    <ClCompile Include="Texture.cpp">
      <Filter>OpenGL\Texture</Filter>
    </ClCompile>
    <ClCompile Include="SkyBox.cpp">
      <Filter>Render\Sky</Filter>
    </ClCompile>
    <ClCompile Include="SkyDome.cpp">
      <Filter>Render\Sky</Filter>
    </ClCompile>
    <ClCompile Include="SpotLight.cpp">
      <Filter>Render\Light</Filter>
    </ClCompile>
  </ItemGroup>
  <ItemGroup>
    <None Include="packages.config" />
    <None Include="ClassDiagram.cd" />
    <None Include="Shaders\Simple.vert">
      <Filter>Shaders</Filter>
    </None>
    <None Include="Shaders\Simple.frag">
      <Filter>Shaders</Filter>
    </None>
    <None Include="Shaders\Phong.vert">
      <Filter>Shaders</Filter>
    </None>
    <None Include="Shaders\PhongWithoutTexture.frag">
      <Filter>Shaders</Filter>
    </None>
    <None Include="Shaders\Phong.frag">
      <Filter>Shaders</Filter>
    </None>
  </ItemGroup>
  <ItemGroup>
    <ClInclude Include="ShaderLoader.h">
      <Filter>OpenGL\Shader</Filter>
    </ClInclude>
    <ClInclude Include="Shader.h">
      <Filter>OpenGL\Shader</Filter>
    </ClInclude>
    <ClInclude Include="Program.h">
      <Filter>OpenGL\Shader</Filter>
    </ClInclude>
    <ClInclude Include="ApplicationController.h">
      <Filter>Common</Filter>
    </ClInclude>
    <ClInclude Include="Application.h">
      <Filter>Common</Filter>
    </ClInclude>
    <ClInclude Include="Scene.h">
      <Filter>Render</Filter>
    </ClInclude>
    <ClInclude Include="Object.h">
      <Filter>Render</Filter>
    </ClInclude>
    <ClInclude Include="Transform.h">
      <Filter>Common</Filter>
    </ClInclude>
    <ClInclude Include="VBO.h">
      <Filter>OpenGL\BufferObject</Filter>
    </ClInclude>
    <ClInclude Include="VAO.h">
      <Filter>OpenGL\BufferObject</Filter>
    </ClInclude>
    <ClInclude Include="EBO.h">
      <Filter>OpenGL\BufferObject</Filter>
    </ClInclude>
    <ClInclude Include="BufferBase.h">
      <Filter>OpenGL\BufferObject\Base</Filter>
    </ClInclude>
    <ClInclude Include="ArrayBase.h">
      <Filter>OpenGL\BufferObject\Base</Filter>
    </ClInclude>
    <ClInclude Include="ManagerBase.h">
      <Filter>Common\Manager</Filter>
    </ClInclude>
    <ClInclude Include="FactoryBase.h">
      <Filter>Common\Factory</Filter>
    </ClInclude>
    <ClInclude Include="IRenderable.h">
      <Filter>Render</Filter>
    </ClInclude>
    <ClInclude Include="Camera.h">
      <Filter>Common</Filter>
    </ClInclude>
    <ClInclude Include="DependencyResolver.h">
      <Filter>IoC</Filter>
    </ClInclude>
    <ClInclude Include="PointLight.h">
      <Filter>Render\Light</Filter>
    </ClInclude>
    <ClInclude Include="LightBase.h">
      <Filter>Render\Light</Filter>
    </ClInclude>
    <ClInclude Include="SceneBuilder.h">
      <Filter>Common\SceneBuilder</Filter>
    </ClInclude>
    <ClInclude Include="FourSpheresSceneBuilder.h">
      <Filter>Common\SceneBuilder</Filter>
    </ClInclude>
    <ClInclude Include="ColorUtils.h">
      <Filter>Helpers</Filter>
    </ClInclude>
    <ClInclude Include="Updatable.h">
      <Filter>Render</Filter>
    </ClInclude>
    <ClInclude Include="ErrorChecker.h">
      <Filter>OpenGL</Filter>
    </ClInclude>
    <ClInclude Include="Size.h">
      <Filter>System</Filter>
    </ClInclude>
    <ClInclude Include="Sphere.h">
      <Filter>Render\Model\Static</Filter>
    </ClInclude>
    <ClInclude Include="Square.h">
      <Filter>Render\Model\Static</Filter>
    </ClInclude>
    <ClInclude Include="SuziFlat.h">
      <Filter>Render\Model\Static</Filter>
    </ClInclude>
    <ClInclude Include="SuziSmooth.h">
      <Filter>Render\Model\Static</Filter>
    </ClInclude>
    <ClInclude Include="Triangle.h">
      <Filter>Render\Model\Static</Filter>
    </ClInclude>
    <ClInclude Include="Mesh.h">
      <Filter>Render\Model</Filter>
    </ClInclude>
    <ClInclude Include="Model.h">
      <Filter>Render\Model</Filter>
    </ClInclude>
    <ClInclude Include="StaticModelBase.h">
      <Filter>Render\Model\Static</Filter>
    </ClInclude>
    <ClInclude Include="Logger.h">
      <Filter>System</Filter>
    </ClInclude>
    <ClInclude Include="StaticModelFactory.h">
      <Filter>Common\Factory</Filter>
    </ClInclude>
    <ClInclude Include="StaticModelManager.h">
      <Filter>Common\Manager</Filter>
    </ClInclude>
    <ClInclude Include="ModelFactory.h">
      <Filter>Common\Factory</Filter>
    </ClInclude>
    <ClInclude Include="ModelManager.h">
      <Filter>Common\Manager</Filter>
    </ClInclude>
    <ClInclude Include="TestSceneBuilder.h">
      <Filter>Common\SceneBuilder</Filter>
    </ClInclude>
    <ClInclude Include="TextureLoader.h">
      <Filter>OpenGL\Texture</Filter>
    </ClInclude>
    <ClInclude Include="Texture.h">
      <Filter>OpenGL\Texture</Filter>
    </ClInclude>
    <ClInclude Include="SkyBox.h">
      <Filter>Render\Sky</Filter>
    </ClInclude>
    <ClInclude Include="Sky.h">
      <Filter>Render\Sky</Filter>
    </ClInclude>
    <ClInclude Include="SkyDome.h">
      <Filter>Render\Sky</Filter>
    </ClInclude>
    <ClInclude Include="SpotLight.h">
      <Filter>Render\Light</Filter>
    </ClInclude>
  </ItemGroup>
</Project>