<?xml version="1.0" encoding="utf-8"?>
<Project ToolsVersion="4.0" xmlns="http://schemas.microsoft.com/developer/msbuild/2003">
  <ItemGroup>
    <Filter Include="Shaders">
      <UniqueIdentifier>{b57b015c-5039-4cd5-81e0-880a832d1252}</UniqueIdentifier>
    </Filter>
    <Filter Include="Common">
      <UniqueIdentifier>{424fb351-f2ac-40d0-b81a-94253bd0b1c1}</UniqueIdentifier>
    </Filter>
    <Filter Include="Render">
      <UniqueIdentifier>{5d33a32c-f617-454e-8d76-de36fc964d3c}</UniqueIdentifier>
    </Filter>
    <Filter Include="Common\Shader">
      <UniqueIdentifier>{b69e759f-45ad-4c1e-8d3e-9ec50511a03d}</UniqueIdentifier>
    </Filter>
    <Filter Include="Common\BufferObject">
      <UniqueIdentifier>{57d2f2fc-5f77-4ea9-9cd0-912147a505e5}</UniqueIdentifier>
    </Filter>
    <Filter Include="Common\BufferObject\Base">
      <UniqueIdentifier>{96a09dc7-b62a-4e18-b517-5a66c008971c}</UniqueIdentifier>
    </Filter>
    <Filter Include="Render\Model">
      <UniqueIdentifier>{473c3d49-e164-4a37-83f5-3a9be0cb01d0}</UniqueIdentifier>
    </Filter>
    <Filter Include="Common\Factories">
      <UniqueIdentifier>{3dd3164d-10e7-4b00-a13f-5314e22e80e8}</UniqueIdentifier>
    </Filter>
    <Filter Include="Common\Managers">
      <UniqueIdentifier>{14d64edc-5112-42ca-8559-651ac4b900ae}</UniqueIdentifier>
    </Filter>
  </ItemGroup>
  <ItemGroup>
    <ClCompile Include="Program.cpp">
      <Filter>Common\Shader</Filter>
    </ClCompile>
    <ClCompile Include="Shader.cpp">
      <Filter>Common\Shader</Filter>
    </ClCompile>
    <ClCompile Include="ShaderLoader.cpp">
      <Filter>Common\Shader</Filter>
    </ClCompile>
    <ClCompile Include="Application.cpp">
      <Filter>Common</Filter>
    </ClCompile>
    <ClCompile Include="ApplicationController.cpp">
      <Filter>Common</Filter>
    </ClCompile>
    <ClCompile Include="Scene.cpp">
      <Filter>Render</Filter>
    </ClCompile>
    <ClCompile Include="Camera.cpp">
      <Filter>Render</Filter>
    </ClCompile>
    <ClCompile Include="Source.cpp" />
    <ClCompile Include="Object.cpp">
      <Filter>Render</Filter>
    </ClCompile>
    <ClCompile Include="Transform.cpp">
      <Filter>Common</Filter>
    </ClCompile>
    <ClCompile Include="VAO.cpp">
      <Filter>Common\BufferObject</Filter>
    </ClCompile>
    <ClCompile Include="VBO.cpp">
      <Filter>Common\BufferObject</Filter>
    </ClCompile>
    <ClCompile Include="EBO.cpp">
      <Filter>Common\BufferObject</Filter>
    </ClCompile>
    <ClCompile Include="BufferBase.cpp">
      <Filter>Common\BufferObject\Base</Filter>
    </ClCompile>
    <ClCompile Include="ArrayBase.cpp">
      <Filter>Common\BufferObject\Base</Filter>
    </ClCompile>
    <ClCompile Include="ModelBase.cpp">
      <Filter>Render</Filter>
    </ClCompile>
    <ClCompile Include="Triangle.cpp">
      <Filter>Render\Model</Filter>
    </ClCompile>
    <ClCompile Include="ModelManager.cpp">
      <Filter>Common\Managers</Filter>
    </ClCompile>
    <ClCompile Include="ModelFactory.cpp">
      <Filter>Common\Factories</Filter>
    </ClCompile>
    <ClCompile Include="Square.cpp">
      <Filter>Render\Model</Filter>
    </ClCompile>
  </ItemGroup>
  <ItemGroup>
    <None Include="packages.config" />
    <None Include="Shaders\FragmentShader.glsl">
      <Filter>Shaders</Filter>
    </None>
    <None Include="Shaders\VertexShader.glsl">
      <Filter>Shaders</Filter>
    </None>
    <None Include="ClassDiagram.cd" />
  </ItemGroup>
  <ItemGroup>
    <ClInclude Include="ShaderLoader.h">
      <Filter>Common\Shader</Filter>
    </ClInclude>
    <ClInclude Include="Shader.h">
      <Filter>Common\Shader</Filter>
    </ClInclude>
    <ClInclude Include="Program.h">
      <Filter>Common\Shader</Filter>
    </ClInclude>
    <ClInclude Include="ApplicationController.h">
      <Filter>Common</Filter>
    </ClInclude>
    <ClInclude Include="Application.h">
      <Filter>Common</Filter>
    </ClInclude>
    <ClInclude Include="Scene.h">
      <Filter>Render</Filter>
    </ClInclude>
    <ClInclude Include="Camera.h">
      <Filter>Render</Filter>
    </ClInclude>
    <ClInclude Include="Object.h">
      <Filter>Render</Filter>
    </ClInclude>
    <ClInclude Include="Transform.h">
      <Filter>Common</Filter>
    </ClInclude>
    <ClInclude Include="VBO.h">
      <Filter>Common\BufferObject</Filter>
    </ClInclude>
    <ClInclude Include="VAO.h">
      <Filter>Common\BufferObject</Filter>
    </ClInclude>
    <ClInclude Include="EBO.h">
      <Filter>Common\BufferObject</Filter>
    </ClInclude>
    <ClInclude Include="BufferBase.h">
      <Filter>Common\BufferObject\Base</Filter>
    </ClInclude>
    <ClInclude Include="ArrayBase.h">
      <Filter>Common\BufferObject\Base</Filter>
    </ClInclude>
    <ClInclude Include="ModelBase.h">
      <Filter>Render</Filter>
    </ClInclude>
    <ClInclude Include="Triangle.h">
      <Filter>Render\Model</Filter>
    </ClInclude>
    <ClInclude Include="ModelManager.h">
      <Filter>Common\Managers</Filter>
    </ClInclude>
    <ClInclude Include="ModelFactory.h">
      <Filter>Common\Factories</Filter>
    </ClInclude>
    <ClInclude Include="Square.h">
      <Filter>Render\Model</Filter>
    </ClInclude>
  </ItemGroup>
</Project>